
Microsoft Visual Studio Solution File, Format Version 12.00
# Visual Studio Version 16
VisualStudioVersion = 16.0.29709.97
MinimumVisualStudioVersion = 10.0.40219.1
Project("{8BC9CEB8-8B4A-11D0-8D11-00A0C91BC942}") = "Staff", "Staff\Staff.vcxproj", "{0ABA30D5-4233-48B2-AFED-82479F93AEAF}"
EndProject
Global
	GlobalSection(SolutionConfigurationPlatforms) = preSolution
		Debug|x64 = Debug|x64
		Debug|x86 = Debug|x86
		Release|x64 = Release|x64
		Release|x86 = Release|x86
	EndGlobalSection
	GlobalSection(ProjectConfigurationPlatforms) = postSolution
		{0ABA30D5-4233-48B2-AFED-82479F93AEAF}.Debug|x64.ActiveCfg = Debug|x64
		{0ABA30D5-4233-48B2-AFED-82479F93AEAF}.Debug|x64.Build.0 = Debug|x64
		{0ABA30D5-4233-48B2-AFED-82479F93AEAF}.Debug|x86.ActiveCfg = Debug|Win32
		{0ABA30D5-4233-48B2-AFED-82479F93AEAF}.Debug|x86.Build.0 = Debug|Win32
		{0ABA30D5-4233-48B2-AFED-82479F93AEAF}.Release|x64.ActiveCfg = Release|x64
		{0ABA30D5-4233-48B2-AFED-82479F93AEAF}.Release|x64.Build.0 = Release|x64
		{0ABA30D5-4233-48B2-AFED-82479F93AEAF}.Release|x86.ActiveCfg = Release|Win32
		{0ABA30D5-4233-48B2-AFED-82479F93AEAF}.Release|x86.Build.0 = Release|Win32
	EndGlobalSection
	GlobalSection(SolutionProperties) = preSolution
		HideSolutionNode = FALSE
	EndGlobalSection
	GlobalSection(ExtensibilityGlobals) = postSolution
		SolutionGuid = {54941E68-0264-471B-A2CB-D7E62B24688C}
	EndGlobalSection
EndGlobal
